
Microsoft Visual Studio Solution File, Format Version 12.00
# Visual Studio 14
VisualStudioVersion = 14.0.22823.1
MinimumVisualStudioVersion = 10.0.40219.1
Project("{FAE04EC0-301F-11D3-BF4B-00C04F79EFBC}") = "Amigula", "Amigula\Amigula.csproj", "{FFCC4D9B-5287-47FE-93CE-8E443635F56B}"
EndProject
Project("{FAE04EC0-301F-11D3-BF4B-00C04F79EFBC}") = "Amigula.Domain.Test", "Amigula.Domain.Test\Amigula.Domain.Test.csproj", "{9D954E8E-7F7C-4DB6-9CAA-F7ACE01E3A4F}"
EndProject
Project("{FAE04EC0-301F-11D3-BF4B-00C04F79EFBC}") = "Amigula.Domain", "Amigula.Domain\Amigula.Domain.csproj", "{895461F0-3501-4CEC-B398-9D5457C58236}"
EndProject
Global
	GlobalSection(SolutionConfigurationPlatforms) = preSolution
		Debug|Any CPU = Debug|Any CPU
		Debug|Mixed Platforms = Debug|Mixed Platforms
		Debug|x86 = Debug|x86
		Release|Any CPU = Release|Any CPU
		Release|Mixed Platforms = Release|Mixed Platforms
		Release|x86 = Release|x86
	EndGlobalSection
	GlobalSection(ProjectConfigurationPlatforms) = postSolution
		{FFCC4D9B-5287-47FE-93CE-8E443635F56B}.Debug|Any CPU.ActiveCfg = Debug|Any CPU
		{FFCC4D9B-5287-47FE-93CE-8E443635F56B}.Debug|Any CPU.Build.0 = Debug|Any CPU
		{FFCC4D9B-5287-47FE-93CE-8E443635F56B}.Debug|Mixed Platforms.ActiveCfg = Debug|Any CPU
		{FFCC4D9B-5287-47FE-93CE-8E443635F56B}.Debug|Mixed Platforms.Build.0 = Debug|Any CPU
		{FFCC4D9B-5287-47FE-93CE-8E443635F56B}.Debug|x86.ActiveCfg = Debug|Any CPU
		{FFCC4D9B-5287-47FE-93CE-8E443635F56B}.Release|Any CPU.ActiveCfg = Release|Any CPU
		{FFCC4D9B-5287-47FE-93CE-8E443635F56B}.Release|Any CPU.Build.0 = Release|Any CPU
		{FFCC4D9B-5287-47FE-93CE-8E443635F56B}.Release|Mixed Platforms.ActiveCfg = Release|Any CPU
		{FFCC4D9B-5287-47FE-93CE-8E443635F56B}.Release|Mixed Platforms.Build.0 = Release|Any CPU
		{FFCC4D9B-5287-47FE-93CE-8E443635F56B}.Release|x86.ActiveCfg = Release|Any CPU
		{9D954E8E-7F7C-4DB6-9CAA-F7ACE01E3A4F}.Debug|Any CPU.ActiveCfg = Debug|Any CPU
		{9D954E8E-7F7C-4DB6-9CAA-F7ACE01E3A4F}.Debug|Any CPU.Build.0 = Debug|Any CPU
		{9D954E8E-7F7C-4DB6-9CAA-F7ACE01E3A4F}.Debug|Mixed Platforms.ActiveCfg = Debug|Any CPU
		{9D954E8E-7F7C-4DB6-9CAA-F7ACE01E3A4F}.Debug|Mixed Platforms.Build.0 = Debug|Any CPU
		{9D954E8E-7F7C-4DB6-9CAA-F7ACE01E3A4F}.Debug|x86.ActiveCfg = Debug|Any CPU
		{9D954E8E-7F7C-4DB6-9CAA-F7ACE01E3A4F}.Debug|x86.Build.0 = Debug|Any CPU
		{9D954E8E-7F7C-4DB6-9CAA-F7ACE01E3A4F}.Release|Any CPU.ActiveCfg = Release|Any CPU
		{9D954E8E-7F7C-4DB6-9CAA-F7ACE01E3A4F}.Release|Any CPU.Build.0 = Release|Any CPU
		{9D954E8E-7F7C-4DB6-9CAA-F7ACE01E3A4F}.Release|Mixed Platforms.ActiveCfg = Release|Any CPU
		{9D954E8E-7F7C-4DB6-9CAA-F7ACE01E3A4F}.Release|Mixed Platforms.Build.0 = Release|Any CPU
		{9D954E8E-7F7C-4DB6-9CAA-F7ACE01E3A4F}.Release|x86.ActiveCfg = Release|Any CPU
		{9D954E8E-7F7C-4DB6-9CAA-F7ACE01E3A4F}.Release|x86.Build.0 = Release|Any CPU
		{895461F0-3501-4CEC-B398-9D5457C58236}.Debug|Any CPU.ActiveCfg = Debug|Any CPU
		{895461F0-3501-4CEC-B398-9D5457C58236}.Debug|Any CPU.Build.0 = Debug|Any CPU
		{895461F0-3501-4CEC-B398-9D5457C58236}.Debug|Mixed Platforms.ActiveCfg = Debug|Any CPU
		{895461F0-3501-4CEC-B398-9D5457C58236}.Debug|Mixed Platforms.Build.0 = Debug|Any CPU
		{895461F0-3501-4CEC-B398-9D5457C58236}.Debug|x86.ActiveCfg = Debug|Any CPU
		{895461F0-3501-4CEC-B398-9D5457C58236}.Debug|x86.Build.0 = Debug|Any CPU
		{895461F0-3501-4CEC-B398-9D5457C58236}.Release|Any CPU.ActiveCfg = Release|Any CPU
		{895461F0-3501-4CEC-B398-9D5457C58236}.Release|Any CPU.Build.0 = Release|Any CPU
		{895461F0-3501-4CEC-B398-9D5457C58236}.Release|Mixed Platforms.ActiveCfg = Release|Any CPU
		{895461F0-3501-4CEC-B398-9D5457C58236}.Release|Mixed Platforms.Build.0 = Release|Any CPU
		{895461F0-3501-4CEC-B398-9D5457C58236}.Release|x86.ActiveCfg = Release|Any CPU
		{895461F0-3501-4CEC-B398-9D5457C58236}.Release|x86.Build.0 = Release|Any CPU
	EndGlobalSection
	GlobalSection(SolutionProperties) = preSolution
		HideSolutionNode = FALSE
	EndGlobalSection
EndGlobal
